
Microsoft Visual Studio Solution File, Format Version 12.00
# Visual Studio Version 16
VisualStudioVersion = 16.0.30907.101
MinimumVisualStudioVersion = 10.0.40219.1
Project("{FAE04EC0-301F-11D3-BF4B-00C04F79EFBC}") = "NeCoreAngularFront", "NeCoreAngularFront.csproj", "{9421DACA-EC95-4980-8D8F-1664C5E4846D}"
EndProject
Global
	GlobalSection(SolutionConfigurationPlatforms) = preSolution
		Debug|Any CPU = Debug|Any CPU
		Release|Any CPU = Release|Any CPU
	EndGlobalSection
	GlobalSection(ProjectConfigurationPlatforms) = postSolution
		{9421DACA-EC95-4980-8D8F-1664C5E4846D}.Debug|Any CPU.ActiveCfg = Debug|Any CPU
		{9421DACA-EC95-4980-8D8F-1664C5E4846D}.Debug|Any CPU.Build.0 = Debug|Any CPU
		{9421DACA-EC95-4980-8D8F-1664C5E4846D}.Release|Any CPU.ActiveCfg = Release|Any CPU
		{9421DACA-EC95-4980-8D8F-1664C5E4846D}.Release|Any CPU.Build.0 = Release|Any CPU
	EndGlobalSection
	GlobalSection(SolutionProperties) = preSolution
		HideSolutionNode = FALSE
	EndGlobalSection
	GlobalSection(ExtensibilityGlobals) = postSolution
		SolutionGuid = {7D3E04CF-E9CA-45A7-88C9-338F162E7792}
	EndGlobalSection
EndGlobal
