
Microsoft Visual Studio Solution File, Format Version 12.00
# Visual Studio Version 16
VisualStudioVersion = 16.0.30907.101
MinimumVisualStudioVersion = 10.0.40219.1
Project("{9A19103F-16F7-4668-BE54-9A1E7A4F7556}") = "NeCoreAngularFront", "NeCoreAngularFront.csproj", "{9421DACA-EC95-4980-8D8F-1664C5E4846D}"
EndProject
Project("{2150E333-8FDC-42A3-9474-1A3956D46DE8}") = "1-Web", "1-Web", "{F938F31E-10E2-4F11-95FE-3BFB3BE2F98E}"
EndProject
Project("{2150E333-8FDC-42A3-9474-1A3956D46DE8}") = "2-Application", "2-Application", "{0F29B1D8-B826-4CF5-A00C-43DD68966415}"
EndProject
Project("{2150E333-8FDC-42A3-9474-1A3956D46DE8}") = "3-Domain", "3-Domain", "{0259B90E-6226-40DC-8BAC-8F97380D1E37}"
EndProject
Project("{2150E333-8FDC-42A3-9474-1A3956D46DE8}") = "4-Infra", "4-Infra", "{8EA14756-8C5C-453E-A2BE-56DB01876680}"
EndProject
Project("{FAE04EC0-301F-11D3-BF4B-00C04F79EFBC}") = "NeCoreAngularFront.Application", "..\NeCoreAngularFront.Application\NeCoreAngularFront.Application.csproj", "{71DCDFA8-1069-4468-9A6D-79E1027C5942}"
EndProject
Project("{FAE04EC0-301F-11D3-BF4B-00C04F79EFBC}") = "NeCoreAngular.Domain", "..\NeCoreAngularFront.Domain\NeCoreAngular.Domain.csproj", "{87DB5A9D-6E73-4ACB-9354-074B621FB2DE}"
EndProject
Project("{2150E333-8FDC-42A3-9474-1A3956D46DE8}") = "4.1 Data", "4.1 Data", "{630EDB3E-B800-4256-A8B2-3E34CE221D3D}"
EndProject
Project("{2150E333-8FDC-42A3-9474-1A3956D46DE8}") = "4.2 CrossCouting", "4.2 CrossCouting", "{B229E686-580A-485A-AA4F-14E370581683}"
EndProject
Project("{2150E333-8FDC-42A3-9474-1A3956D46DE8}") = "Context", "Context", "{7F91AE07-968A-4DAF-B8BD-782D58A12F8B}"
EndProject
Project("{2150E333-8FDC-42A3-9474-1A3956D46DE8}") = "Mapping", "Mapping", "{A50B526E-528E-44C2-92AB-1B2FBBECE5A4}"
EndProject
Project("{2150E333-8FDC-42A3-9474-1A3956D46DE8}") = "Repository", "Repository", "{6908A63C-0306-4AAD-A0A2-716FD61EBBB8}"
EndProject
Project("{FAE04EC0-301F-11D3-BF4B-00C04F79EFBC}") = "NeCoreAngular.Data", "..\NeCoreAngular.Data\NeCoreAngular.Data.csproj", "{28E66D3D-0CF4-410F-AA51-08D85F82FDC4}"
EndProject
Global
	GlobalSection(SolutionConfigurationPlatforms) = preSolution
		Debug|Any CPU = Debug|Any CPU
		Release|Any CPU = Release|Any CPU
	EndGlobalSection
	GlobalSection(ProjectConfigurationPlatforms) = postSolution
		{9421DACA-EC95-4980-8D8F-1664C5E4846D}.Debug|Any CPU.ActiveCfg = Debug|Any CPU
		{9421DACA-EC95-4980-8D8F-1664C5E4846D}.Debug|Any CPU.Build.0 = Debug|Any CPU
		{9421DACA-EC95-4980-8D8F-1664C5E4846D}.Release|Any CPU.ActiveCfg = Release|Any CPU
		{9421DACA-EC95-4980-8D8F-1664C5E4846D}.Release|Any CPU.Build.0 = Release|Any CPU
		{71DCDFA8-1069-4468-9A6D-79E1027C5942}.Debug|Any CPU.ActiveCfg = Debug|Any CPU
		{71DCDFA8-1069-4468-9A6D-79E1027C5942}.Debug|Any CPU.Build.0 = Debug|Any CPU
		{71DCDFA8-1069-4468-9A6D-79E1027C5942}.Release|Any CPU.ActiveCfg = Release|Any CPU
		{71DCDFA8-1069-4468-9A6D-79E1027C5942}.Release|Any CPU.Build.0 = Release|Any CPU
		{87DB5A9D-6E73-4ACB-9354-074B621FB2DE}.Debug|Any CPU.ActiveCfg = Debug|Any CPU
		{87DB5A9D-6E73-4ACB-9354-074B621FB2DE}.Debug|Any CPU.Build.0 = Debug|Any CPU
		{87DB5A9D-6E73-4ACB-9354-074B621FB2DE}.Release|Any CPU.ActiveCfg = Release|Any CPU
		{87DB5A9D-6E73-4ACB-9354-074B621FB2DE}.Release|Any CPU.Build.0 = Release|Any CPU
		{28E66D3D-0CF4-410F-AA51-08D85F82FDC4}.Debug|Any CPU.ActiveCfg = Debug|Any CPU
		{28E66D3D-0CF4-410F-AA51-08D85F82FDC4}.Debug|Any CPU.Build.0 = Debug|Any CPU
		{28E66D3D-0CF4-410F-AA51-08D85F82FDC4}.Release|Any CPU.ActiveCfg = Release|Any CPU
		{28E66D3D-0CF4-410F-AA51-08D85F82FDC4}.Release|Any CPU.Build.0 = Release|Any CPU
	EndGlobalSection
	GlobalSection(SolutionProperties) = preSolution
		HideSolutionNode = FALSE
	EndGlobalSection
	GlobalSection(NestedProjects) = preSolution
		{9421DACA-EC95-4980-8D8F-1664C5E4846D} = {F938F31E-10E2-4F11-95FE-3BFB3BE2F98E}
		{71DCDFA8-1069-4468-9A6D-79E1027C5942} = {0F29B1D8-B826-4CF5-A00C-43DD68966415}
		{87DB5A9D-6E73-4ACB-9354-074B621FB2DE} = {0259B90E-6226-40DC-8BAC-8F97380D1E37}
		{630EDB3E-B800-4256-A8B2-3E34CE221D3D} = {8EA14756-8C5C-453E-A2BE-56DB01876680}
		{B229E686-580A-485A-AA4F-14E370581683} = {8EA14756-8C5C-453E-A2BE-56DB01876680}
		{7F91AE07-968A-4DAF-B8BD-782D58A12F8B} = {630EDB3E-B800-4256-A8B2-3E34CE221D3D}
		{A50B526E-528E-44C2-92AB-1B2FBBECE5A4} = {630EDB3E-B800-4256-A8B2-3E34CE221D3D}
		{6908A63C-0306-4AAD-A0A2-716FD61EBBB8} = {630EDB3E-B800-4256-A8B2-3E34CE221D3D}
		{28E66D3D-0CF4-410F-AA51-08D85F82FDC4} = {630EDB3E-B800-4256-A8B2-3E34CE221D3D}
	EndGlobalSection
	GlobalSection(ExtensibilityGlobals) = postSolution
		SolutionGuid = {7D3E04CF-E9CA-45A7-88C9-338F162E7792}
	EndGlobalSection
EndGlobal
